
Microsoft Visual Studio Solution File, Format Version 12.00
# Visual Studio Version 17
VisualStudioVersion = 17.2.32526.322
MinimumVisualStudioVersion = 10.0.40219.1
Project("{FAE04EC0-301F-11D3-BF4B-00C04F79EFBC}") = "BE_NET_2302", "BE_NET_2302\BE_NET_2302.csproj", "{CD2B0E06-8657-43DE-8B4D-653144BA1038}"
EndProject
Project("{FAE04EC0-301F-11D3-BF4B-00C04F79EFBC}") = "CSharpCoban", "CSharpCoban\CSharpCoban.csproj", "{00361DCE-FA3C-4DD0-AF81-3F94F4EF1A80}"
EndProject
Project("{FAE04EC0-301F-11D3-BF4B-00C04F79EFBC}") = "ClassLibraryDemo", "ClassLibraryDemo\ClassLibraryDemo.csproj", "{72955F1C-A339-4888-A6A9-4F052A99F5C9}"
EndProject
Project("{FAE04EC0-301F-11D3-BF4B-00C04F79EFBC}") = "DataAccess.QLBanHang", "DataAccess.QLBanHang\DataAccess.QLBanHang.csproj", "{2D612F26-E755-4B4B-BBBD-8A25256746E8}"
EndProject
Project("{9A19103F-16F7-4668-BE54-9A1E7A4F7556}") = "MyShop.DataAccess", "MyShop.DataAccess\MyShop.DataAccess.csproj", "{F2CD07FC-54D5-4DC2-A420-418B910BEAD9}"
EndProject
Project("{FAE04EC0-301F-11D3-BF4B-00C04F79EFBC}") = "WebApplicationDemo", "WebApplicationDemo\WebApplicationDemo.csproj", "{8C6DBC59-FDF5-494B-9F4F-209C1B206E23}"
EndProject
Project("{9A19103F-16F7-4668-BE54-9A1E7A4F7556}") = "WebApplicationCoreAPI", "WebApplicationCoreAPI\WebApplicationCoreAPI.csproj", "{A8ADB2E2-BF67-4AEB-9979-75AD8C9966CB}"
EndProject
Project("{9A19103F-16F7-4668-BE54-9A1E7A4F7556}") = "WebApplicationWebCore", "WebApplicationWebCore\WebApplicationWebCore.csproj", "{6790B44A-66B4-46F7-BDED-8F5AF50B6D5F}"
EndProject
Project("{9A19103F-16F7-4668-BE54-9A1E7A4F7556}") = "DataAccess.DependencyInjection", "DataAccess.DependencyInjection\DataAccess.DependencyInjection.csproj", "{72824EF7-DED9-448A-B7D7-7EC5A78D6F31}"
EndProject
Project("{9A19103F-16F7-4668-BE54-9A1E7A4F7556}") = "DataAccess.DenpencyInjection.Models", "DataAccess.DenpencyInjection.Models\DataAccess.DenpencyInjection.Models.csproj", "{AFAE0D6B-8B08-490F-99A2-F6CF7C3826C7}"
EndProject
Project("{9A19103F-16F7-4668-BE54-9A1E7A4F7556}") = "IdentityWebAPI", "IdentityWebAPI\IdentityWebAPI.csproj", "{8E5FFCDB-4506-4196-B1D0-E9FBAB2EF033}"
EndProject
Project("{9A19103F-16F7-4668-BE54-9A1E7A4F7556}") = "UnitOfWork.DataAccess", "UnitOfWork.DataAccess\UnitOfWork.DataAccess.csproj", "{D7A6D23F-A9EB-4A3A-A377-E8B28B56F2B8}"
EndProject
Project("{FAE04EC0-301F-11D3-BF4B-00C04F79EFBC}") = "WebApplicationCore", "WebApplicationCore\WebApplicationCore.csproj", "{DB0F69E1-388C-4CC5-B2E3-3F454DB9FA3B}"
EndProject
Global
	GlobalSection(SolutionConfigurationPlatforms) = preSolution
		Debug|Any CPU = Debug|Any CPU
		Release|Any CPU = Release|Any CPU
	EndGlobalSection
	GlobalSection(ProjectConfigurationPlatforms) = postSolution
		{CD2B0E06-8657-43DE-8B4D-653144BA1038}.Debug|Any CPU.ActiveCfg = Debug|Any CPU
		{CD2B0E06-8657-43DE-8B4D-653144BA1038}.Debug|Any CPU.Build.0 = Debug|Any CPU
		{CD2B0E06-8657-43DE-8B4D-653144BA1038}.Release|Any CPU.ActiveCfg = Release|Any CPU
		{CD2B0E06-8657-43DE-8B4D-653144BA1038}.Release|Any CPU.Build.0 = Release|Any CPU
		{00361DCE-FA3C-4DD0-AF81-3F94F4EF1A80}.Debug|Any CPU.ActiveCfg = Debug|Any CPU
		{00361DCE-FA3C-4DD0-AF81-3F94F4EF1A80}.Debug|Any CPU.Build.0 = Debug|Any CPU
		{00361DCE-FA3C-4DD0-AF81-3F94F4EF1A80}.Release|Any CPU.ActiveCfg = Release|Any CPU
		{00361DCE-FA3C-4DD0-AF81-3F94F4EF1A80}.Release|Any CPU.Build.0 = Release|Any CPU
		{72955F1C-A339-4888-A6A9-4F052A99F5C9}.Debug|Any CPU.ActiveCfg = Debug|Any CPU
		{72955F1C-A339-4888-A6A9-4F052A99F5C9}.Debug|Any CPU.Build.0 = Debug|Any CPU
		{72955F1C-A339-4888-A6A9-4F052A99F5C9}.Release|Any CPU.ActiveCfg = Release|Any CPU
		{72955F1C-A339-4888-A6A9-4F052A99F5C9}.Release|Any CPU.Build.0 = Release|Any CPU
		{2D612F26-E755-4B4B-BBBD-8A25256746E8}.Debug|Any CPU.ActiveCfg = Debug|Any CPU
		{2D612F26-E755-4B4B-BBBD-8A25256746E8}.Debug|Any CPU.Build.0 = Debug|Any CPU
		{2D612F26-E755-4B4B-BBBD-8A25256746E8}.Release|Any CPU.ActiveCfg = Release|Any CPU
		{2D612F26-E755-4B4B-BBBD-8A25256746E8}.Release|Any CPU.Build.0 = Release|Any CPU
		{F2CD07FC-54D5-4DC2-A420-418B910BEAD9}.Debug|Any CPU.ActiveCfg = Debug|Any CPU
		{F2CD07FC-54D5-4DC2-A420-418B910BEAD9}.Debug|Any CPU.Build.0 = Debug|Any CPU
		{F2CD07FC-54D5-4DC2-A420-418B910BEAD9}.Release|Any CPU.ActiveCfg = Release|Any CPU
		{F2CD07FC-54D5-4DC2-A420-418B910BEAD9}.Release|Any CPU.Build.0 = Release|Any CPU
		{8C6DBC59-FDF5-494B-9F4F-209C1B206E23}.Debug|Any CPU.ActiveCfg = Debug|Any CPU
		{8C6DBC59-FDF5-494B-9F4F-209C1B206E23}.Debug|Any CPU.Build.0 = Debug|Any CPU
		{8C6DBC59-FDF5-494B-9F4F-209C1B206E23}.Release|Any CPU.ActiveCfg = Release|Any CPU
		{8C6DBC59-FDF5-494B-9F4F-209C1B206E23}.Release|Any CPU.Build.0 = Release|Any CPU
		{A8ADB2E2-BF67-4AEB-9979-75AD8C9966CB}.Debug|Any CPU.ActiveCfg = Debug|Any CPU
		{A8ADB2E2-BF67-4AEB-9979-75AD8C9966CB}.Debug|Any CPU.Build.0 = Debug|Any CPU
		{A8ADB2E2-BF67-4AEB-9979-75AD8C9966CB}.Release|Any CPU.ActiveCfg = Release|Any CPU
		{A8ADB2E2-BF67-4AEB-9979-75AD8C9966CB}.Release|Any CPU.Build.0 = Release|Any CPU
		{6790B44A-66B4-46F7-BDED-8F5AF50B6D5F}.Debug|Any CPU.ActiveCfg = Debug|Any CPU
		{6790B44A-66B4-46F7-BDED-8F5AF50B6D5F}.Debug|Any CPU.Build.0 = Debug|Any CPU
		{6790B44A-66B4-46F7-BDED-8F5AF50B6D5F}.Release|Any CPU.ActiveCfg = Release|Any CPU
		{6790B44A-66B4-46F7-BDED-8F5AF50B6D5F}.Release|Any CPU.Build.0 = Release|Any CPU
		{72824EF7-DED9-448A-B7D7-7EC5A78D6F31}.Debug|Any CPU.ActiveCfg = Debug|Any CPU
		{72824EF7-DED9-448A-B7D7-7EC5A78D6F31}.Debug|Any CPU.Build.0 = Debug|Any CPU
		{72824EF7-DED9-448A-B7D7-7EC5A78D6F31}.Release|Any CPU.ActiveCfg = Release|Any CPU
		{72824EF7-DED9-448A-B7D7-7EC5A78D6F31}.Release|Any CPU.Build.0 = Release|Any CPU
		{AFAE0D6B-8B08-490F-99A2-F6CF7C3826C7}.Debug|Any CPU.ActiveCfg = Debug|Any CPU
		{AFAE0D6B-8B08-490F-99A2-F6CF7C3826C7}.Debug|Any CPU.Build.0 = Debug|Any CPU
		{AFAE0D6B-8B08-490F-99A2-F6CF7C3826C7}.Release|Any CPU.ActiveCfg = Release|Any CPU
		{AFAE0D6B-8B08-490F-99A2-F6CF7C3826C7}.Release|Any CPU.Build.0 = Release|Any CPU
		{8E5FFCDB-4506-4196-B1D0-E9FBAB2EF033}.Debug|Any CPU.ActiveCfg = Debug|Any CPU
		{8E5FFCDB-4506-4196-B1D0-E9FBAB2EF033}.Debug|Any CPU.Build.0 = Debug|Any CPU
		{8E5FFCDB-4506-4196-B1D0-E9FBAB2EF033}.Release|Any CPU.ActiveCfg = Release|Any CPU
		{8E5FFCDB-4506-4196-B1D0-E9FBAB2EF033}.Release|Any CPU.Build.0 = Release|Any CPU
		{D7A6D23F-A9EB-4A3A-A377-E8B28B56F2B8}.Debug|Any CPU.ActiveCfg = Debug|Any CPU
		{D7A6D23F-A9EB-4A3A-A377-E8B28B56F2B8}.Debug|Any CPU.Build.0 = Debug|Any CPU
		{D7A6D23F-A9EB-4A3A-A377-E8B28B56F2B8}.Release|Any CPU.ActiveCfg = Release|Any CPU
		{D7A6D23F-A9EB-4A3A-A377-E8B28B56F2B8}.Release|Any CPU.Build.0 = Release|Any CPU
		{DB0F69E1-388C-4CC5-B2E3-3F454DB9FA3B}.Debug|Any CPU.ActiveCfg = Debug|Any CPU
		{DB0F69E1-388C-4CC5-B2E3-3F454DB9FA3B}.Debug|Any CPU.Build.0 = Debug|Any CPU
		{DB0F69E1-388C-4CC5-B2E3-3F454DB9FA3B}.Release|Any CPU.ActiveCfg = Release|Any CPU
		{DB0F69E1-388C-4CC5-B2E3-3F454DB9FA3B}.Release|Any CPU.Build.0 = Release|Any CPU
	EndGlobalSection
	GlobalSection(SolutionProperties) = preSolution
		HideSolutionNode = FALSE
	EndGlobalSection
	GlobalSection(ExtensibilityGlobals) = postSolution
		SolutionGuid = {4BF59944-82F6-4F35-B0AB-FC64FC1ACC66}
	EndGlobalSection
EndGlobal
